{
  "name": "talker",
  "version": "1.0.0",
  "lockfileVersion": 1,
  "requires": true,
  "dependencies": {
    "@types/bson": {
      "version": "4.0.0",
      "resolved": "https://registry.npmjs.org/@types/bson/-/bson-4.0.0.tgz",
      "integrity": "sha512-pq/rqJwJWkbS10crsG5bgnrisL8pML79KlMKQMoQwLUjlPAkrUHMvHJ3oGwE7WHR61Lv/nadMwXVAD2b+fpD8Q==",
      "requires": {
        "@types/node": "*"
      }
    },
    "@types/dotenv": {
      "version": "6.1.1",
      "resolved": "https://registry.npmjs.org/@types/dotenv/-/dotenv-6.1.1.tgz",
      "integrity": "sha512-ftQl3DtBvqHl9L16tpqqzA4YzCSXZfi7g8cQceTz5rOlYtk/IZbFjAv3mLOQlNIgOaylCQWQoBdDQHPgEBJPHg==",
      "requires": {
        "@types/node": "*"
      }
    },
    "@types/mongodb": {
      "version": "3.3.1",
      "resolved": "https://registry.npmjs.org/@types/mongodb/-/mongodb-3.3.1.tgz",
      "integrity": "sha512-Va7o1fN3zeabmIJSQ6yuAWkqPvrT38HSTIi4YbVOb2UL7FJ4diXrWt+OUuuEFWAVPtF9VZV5h+7LDYdzgXWgQA==",
      "requires": {
        "@types/bson": "*",
        "@types/node": "*"
      }
    },
    "@types/node": {
      "version": "12.7.5",
      "resolved": "https://registry.npmjs.org/@types/node/-/node-12.7.5.tgz",
      "integrity": "sha512-9fq4jZVhPNW8r+UYKnxF1e2HkDWOWKM5bC2/7c9wPV835I0aOrVbS/Hw/pWPk2uKrNXQqg9Z959Kz+IYDd5p3w=="
    },
    "@types/ws": {
      "version": "6.0.3",
      "resolved": "https://registry.npmjs.org/@types/ws/-/ws-6.0.3.tgz",
      "integrity": "sha512-yBTM0P05Tx9iXGq00BbJPo37ox68R5vaGTXivs6RGh/BQ6QP5zqZDGWdAO6JbRE/iR1l80xeGAwCQS2nMV9S/w==",
      "requires": {
        "@types/node": "*"
      }
    },
    "async-limiter": {
      "version": "1.0.1",
      "resolved": "https://registry.npmjs.org/async-limiter/-/async-limiter-1.0.1.tgz",
      "integrity": "sha512-csOlWGAcRFJaI6m+F2WKdnMKr4HhdhFVBk0H/QbJFMCr+uO2kwohwXQPxw/9OCxp05r5ghVBFSyioixx3gfkNQ=="
    },
    "axios": {
      "version": "0.21.1",
      "resolved": "https://registry.npmjs.org/axios/-/axios-0.21.1.tgz",
      "integrity": "sha512-dKQiRHxGD9PPRIUNIWvZhPTPpl1rf/OxTYKsqKUDjBwYylTvV7SjSHJb9ratfyzM6wCdLCOYLzs73qpg5c4iGA==",
      "requires": {
        "follow-redirects": "^1.10.0"
      }
    },
    "bson": {
      "version": "1.1.1",
      "resolved": "https://registry.npmjs.org/bson/-/bson-1.1.1.tgz",
      "integrity": "sha512-jCGVYLoYMHDkOsbwJZBCqwMHyH4c+wzgI9hG7Z6SZJRXWr+x58pdIbm2i9a/jFGCkRJqRUr8eoI7lDWa0hTkxg=="
    },
    "dotenv": {
      "version": "8.1.0",
      "resolved": "https://registry.npmjs.org/dotenv/-/dotenv-8.1.0.tgz",
      "integrity": "sha512-GUE3gqcDCaMltj2++g6bRQ5rBJWtkWTmqmD0fo1RnnMuUqHNCt2oTPeDnS9n6fKYvlhn7AeBkb38lymBtWBQdA=="
    },
    "follow-redirects": {
      "version": "1.13.1",
      "resolved": "https://registry.npmjs.org/follow-redirects/-/follow-redirects-1.13.1.tgz",
      "integrity": "sha512-SSG5xmZh1mkPGyKzjZP8zLjltIfpW32Y5QpdNJyjcfGxK3qo3NDDkZOZSFiGn1A6SclQxY9GzEwAHQ3dmYRWpg=="
    },
    "mongodb": {
      "version": "3.3.2",
      "resolved": "https://registry.npmjs.org/mongodb/-/mongodb-3.3.2.tgz",
      "integrity": "sha512-fqJt3iywelk4yKu/lfwQg163Bjpo5zDKhXiohycvon4iQHbrfflSAz9AIlRE6496Pm/dQKQK5bMigdVo2s6gBg==",
      "requires": {
        "bson": "^1.1.1",
        "require_optional": "^1.0.1",
        "safe-buffer": "^5.1.2"
      }
    },
    "require_optional": {
      "version": "1.0.1",
      "resolved": "https://registry.npmjs.org/require_optional/-/require_optional-1.0.1.tgz",
      "integrity": "sha512-qhM/y57enGWHAe3v/NcwML6a3/vfESLe/sGM2dII+gEO0BpKRUkWZow/tyloNqJyN6kXSl3RyyM8Ll5D/sJP8g==",
      "requires": {
        "resolve-from": "^2.0.0",
        "semver": "^5.1.0"
      }
    },
    "resolve-from": {
      "version": "2.0.0",
      "resolved": "https://registry.npmjs.org/resolve-from/-/resolve-from-2.0.0.tgz",
      "integrity": "sha1-lICrIOlP+h2egKgEx+oUdhGWa1c="
    },
    "safe-buffer": {
      "version": "5.2.0",
      "resolved": "https://registry.npmjs.org/safe-buffer/-/safe-buffer-5.2.0.tgz",
      "integrity": "sha512-fZEwUGbVl7kouZs1jCdMLdt95hdIv0ZeHg6L7qPeciMZhZ+/gdesW4wgTARkrFWEpspjEATAzUGPG8N2jJiwbg=="
    },
    "semver": {
      "version": "5.7.1",
      "resolved": "https://registry.npmjs.org/semver/-/semver-5.7.1.tgz",
      "integrity": "sha512-sauaDf/PZdVgrLTNYHRtpXa1iRiKcaebiKQ1BJdpQlWH2lCvexQdX55snPFyK7QzpudqbCI0qXFfOasHdyNDGQ=="
    },
    "ws": {
      "version": "7.1.2",
      "resolved": "https://registry.npmjs.org/ws/-/ws-7.1.2.tgz",
      "integrity": "sha512-gftXq3XI81cJCgkUiAVixA0raD9IVmXqsylCrjRygw4+UOOGzPoxnQ6r/CnVL9i+mDncJo94tSkyrtuuQVBmrg==",
      "requires": {
        "async-limiter": "^1.0.0"
      }
    }
  }
}
